
Microsoft Visual Studio Solution File, Format Version 12.00
# Visual Studio 2012
Project("{FAE04EC0-301F-11D3-BF4B-00C04F79EFBC}") = "PlayScript.Addin", "PlayScript.Addin\PlayScript.Addin.csproj", "{07CC7654-27D6-421D-A64C-0FFA40456FA2}"
EndProject
Project("{2150E333-8FDC-42A3-9474-1A3956D46DE8}") = "NRefactory.PlayScript", "NRefactory.PlayScript", "{2AC59157-9886-470E-A84A-68554F40FCAB}"
EndProject
Project("{FAE04EC0-301F-11D3-BF4B-00C04F79EFBC}") = "ICSharpCode.NRefactory.PlayScript", "external\NRefactory\ICSharpCode.NRefactory.PlayScript\ICSharpCode.NRefactory.PlayScript.csproj", "{0D8EC1C8-9706-4D8B-96F2-8636F2C9F894}"
EndProject
Project("{FAE04EC0-301F-11D3-BF4B-00C04F79EFBC}") = "ICSharpCode.NRefactory.PlayScript.IKVM", "external\NRefactory\ICSharpCode.NRefactory.IKVM\ICSharpCode.NRefactory.PlayScript.IKVM.csproj", "{6FBE63EB-4D01-4BED-BC3E-F4AB31AB7D6F}"
EndProject
Project("{FAE04EC0-301F-11D3-BF4B-00C04F79EFBC}") = "ICSharpCode.NRefactory.PlayScript.Refactoring", "external\NRefactory\ICSharpCode.NRefactory.PlayScript.Refactoring\ICSharpCode.NRefactory.PlayScript.Refactoring.csproj", "{D9654D35-F86C-4105-B4E6-FAA656487BF8}"
EndProject
Project("{FAE04EC0-301F-11D3-BF4B-00C04F79EFBC}") = "ICSharpCode.NRefactory.PlayScript.Xml", "external\NRefactory\ICSharpCode.NRefactory.Xml\ICSharpCode.NRefactory.PlayScript.Xml.csproj", "{B1AF7070-8E25-4117-A441-14684219F4FD}"
EndProject
Project("{2150E333-8FDC-42A3-9474-1A3956D46DE8}") = "NRefactory.UpStream", "NRefactory.UpStream", "{CAB552D9-70C5-4062-83AA-FD97B4A7482C}"
EndProject
Project("{FAE04EC0-301F-11D3-BF4B-00C04F79EFBC}") = "ICSharpCode.NRefactory", "external\Nrefactory-upstream\ICSharpCode.NRefactory\ICSharpCode.NRefactory.csproj", "{3B2A5653-EC97-4001-BB9B-D90F1AF2C371}"
EndProject
Project("{FAE04EC0-301F-11D3-BF4B-00C04F79EFBC}") = "ICSharpCode.NRefactory.Cecil", "external\Nrefactory-upstream\ICSharpCode.NRefactory.Cecil\ICSharpCode.NRefactory.Cecil.csproj", "{2B8F4F83-C2B3-4E84-A27B-8DEE1BE0E006}"
EndProject
Project("{FAE04EC0-301F-11D3-BF4B-00C04F79EFBC}") = "ICSharpCode.NRefactory.CSharp", "external\Nrefactory-upstream\ICSharpCode.NRefactory.CSharp\ICSharpCode.NRefactory.CSharp.csproj", "{53DCA265-3C3C-42F9-B647-F72BA678122B}"
EndProject
Project("{FAE04EC0-301F-11D3-BF4B-00C04F79EFBC}") = "ICSharpCode.NRefactory.CSharp.Refactoring", "external\Nrefactory-upstream\ICSharpCode.NRefactory.CSharp.Refactoring\ICSharpCode.NRefactory.CSharp.Refactoring.csproj", "{2A705FC6-1A9E-4941-9E47-254D79F2D9D5}"
EndProject
Project("{FAE04EC0-301F-11D3-BF4B-00C04F79EFBC}") = "ICSharpCode.NRefactory.Xml", "external\Nrefactory-upstream\ICSharpCode.NRefactory.Xml\ICSharpCode.NRefactory.Xml.csproj", "{DC393B66-92ED-4CAD-AB25-CFEF23F3D7C6}"
EndProject
Project("{2150E333-8FDC-42A3-9474-1A3956D46DE8}") = "Misc.UpStream", "Misc.UpStream", "{8A17756F-3C04-4F26-8D37-5A46366BA535}"
EndProject
Project("{FAE04EC0-301F-11D3-BF4B-00C04F79EFBC}") = "IKVM.Reflection", "external\ikvm\reflect\IKVM.Reflection.csproj", "{4CB170EF-DFE6-4A56-9E1B-A85449E827A7}"
EndProject
Project("{FAE04EC0-301F-11D3-BF4B-00C04F79EFBC}") = "Mono.Cecil", "external\cecil\Mono.Cecil.csproj", "{D68133BD-1E63-496E-9EDE-4FBDBF77B486}"
EndProject
Project("{FAE04EC0-301F-11D3-BF4B-00C04F79EFBC}") = "ICSharpCode.Decompiler", "..\monodevelop\main\contrib\ICSharpCode.Decompiler\ICSharpCode.Decompiler.csproj", "{984CC812-9470-4A13-AFF9-CC44068D666C}"
EndProject
Global
	GlobalSection(SolutionConfigurationPlatforms) = preSolution
		Debug|Any CPU = Debug|Any CPU
		Release|Any CPU = Release|Any CPU
	EndGlobalSection
	GlobalSection(ProjectConfigurationPlatforms) = postSolution
		{07CC7654-27D6-421D-A64C-0FFA40456FA2}.Debug|Any CPU.ActiveCfg = Debug|Any CPU
		{07CC7654-27D6-421D-A64C-0FFA40456FA2}.Debug|Any CPU.Build.0 = Debug|Any CPU
		{07CC7654-27D6-421D-A64C-0FFA40456FA2}.Release|Any CPU.ActiveCfg = Release|Any CPU
		{07CC7654-27D6-421D-A64C-0FFA40456FA2}.Release|Any CPU.Build.0 = Release|Any CPU
		{0D8EC1C8-9706-4D8B-96F2-8636F2C9F894}.Debug|Any CPU.ActiveCfg = Debug|Any CPU
		{0D8EC1C8-9706-4D8B-96F2-8636F2C9F894}.Debug|Any CPU.Build.0 = Debug|Any CPU
		{0D8EC1C8-9706-4D8B-96F2-8636F2C9F894}.Release|Any CPU.ActiveCfg = Release|Any CPU
		{0D8EC1C8-9706-4D8B-96F2-8636F2C9F894}.Release|Any CPU.Build.0 = Release|Any CPU
		{2A705FC6-1A9E-4941-9E47-254D79F2D9D5}.Debug|Any CPU.ActiveCfg = Debug|Any CPU
		{2A705FC6-1A9E-4941-9E47-254D79F2D9D5}.Debug|Any CPU.Build.0 = Debug|Any CPU
		{2A705FC6-1A9E-4941-9E47-254D79F2D9D5}.Release|Any CPU.ActiveCfg = Release|Any CPU
		{2A705FC6-1A9E-4941-9E47-254D79F2D9D5}.Release|Any CPU.Build.0 = Release|Any CPU
		{2B8F4F83-C2B3-4E84-A27B-8DEE1BE0E006}.Debug|Any CPU.ActiveCfg = Debug|Any CPU
		{2B8F4F83-C2B3-4E84-A27B-8DEE1BE0E006}.Debug|Any CPU.Build.0 = Debug|Any CPU
		{2B8F4F83-C2B3-4E84-A27B-8DEE1BE0E006}.Release|Any CPU.ActiveCfg = Release|Any CPU
		{2B8F4F83-C2B3-4E84-A27B-8DEE1BE0E006}.Release|Any CPU.Build.0 = Release|Any CPU
		{3B2A5653-EC97-4001-BB9B-D90F1AF2C371}.Debug|Any CPU.ActiveCfg = Debug|Any CPU
		{3B2A5653-EC97-4001-BB9B-D90F1AF2C371}.Debug|Any CPU.Build.0 = Debug|Any CPU
		{3B2A5653-EC97-4001-BB9B-D90F1AF2C371}.Release|Any CPU.ActiveCfg = Release|Any CPU
		{3B2A5653-EC97-4001-BB9B-D90F1AF2C371}.Release|Any CPU.Build.0 = Release|Any CPU
		{4CB170EF-DFE6-4A56-9E1B-A85449E827A7}.Debug|Any CPU.ActiveCfg = Debug|Any CPU
		{4CB170EF-DFE6-4A56-9E1B-A85449E827A7}.Debug|Any CPU.Build.0 = Debug|Any CPU
		{4CB170EF-DFE6-4A56-9E1B-A85449E827A7}.Release|Any CPU.ActiveCfg = Release|Any CPU
		{4CB170EF-DFE6-4A56-9E1B-A85449E827A7}.Release|Any CPU.Build.0 = Release|Any CPU
		{53DCA265-3C3C-42F9-B647-F72BA678122B}.Debug|Any CPU.ActiveCfg = Debug|Any CPU
		{53DCA265-3C3C-42F9-B647-F72BA678122B}.Debug|Any CPU.Build.0 = Debug|Any CPU
		{53DCA265-3C3C-42F9-B647-F72BA678122B}.Release|Any CPU.ActiveCfg = Release|Any CPU
		{53DCA265-3C3C-42F9-B647-F72BA678122B}.Release|Any CPU.Build.0 = Release|Any CPU
		{6FBE63EB-4D01-4BED-BC3E-F4AB31AB7D6F}.Debug|Any CPU.ActiveCfg = Debug|Any CPU
		{6FBE63EB-4D01-4BED-BC3E-F4AB31AB7D6F}.Debug|Any CPU.Build.0 = Debug|Any CPU
		{6FBE63EB-4D01-4BED-BC3E-F4AB31AB7D6F}.Release|Any CPU.ActiveCfg = Release|Any CPU
		{6FBE63EB-4D01-4BED-BC3E-F4AB31AB7D6F}.Release|Any CPU.Build.0 = Release|Any CPU
		{984CC812-9470-4A13-AFF9-CC44068D666C}.Debug|Any CPU.ActiveCfg = Debug|Any CPU
		{984CC812-9470-4A13-AFF9-CC44068D666C}.Debug|Any CPU.Build.0 = Debug|Any CPU
		{984CC812-9470-4A13-AFF9-CC44068D666C}.Release|Any CPU.ActiveCfg = Release|Any CPU
		{984CC812-9470-4A13-AFF9-CC44068D666C}.Release|Any CPU.Build.0 = Release|Any CPU
		{B1AF7070-8E25-4117-A441-14684219F4FD}.Debug|Any CPU.ActiveCfg = Debug|Any CPU
		{B1AF7070-8E25-4117-A441-14684219F4FD}.Debug|Any CPU.Build.0 = Debug|Any CPU
		{B1AF7070-8E25-4117-A441-14684219F4FD}.Release|Any CPU.ActiveCfg = Release|Any CPU
		{B1AF7070-8E25-4117-A441-14684219F4FD}.Release|Any CPU.Build.0 = Release|Any CPU
		{D68133BD-1E63-496E-9EDE-4FBDBF77B486}.Debug|Any CPU.ActiveCfg = Debug|Any CPU
		{D68133BD-1E63-496E-9EDE-4FBDBF77B486}.Debug|Any CPU.Build.0 = Debug|Any CPU
		{D68133BD-1E63-496E-9EDE-4FBDBF77B486}.Release|Any CPU.ActiveCfg = Release|Any CPU
		{D68133BD-1E63-496E-9EDE-4FBDBF77B486}.Release|Any CPU.Build.0 = Release|Any CPU
		{D9654D35-F86C-4105-B4E6-FAA656487BF8}.Debug|Any CPU.ActiveCfg = Debug|Any CPU
		{D9654D35-F86C-4105-B4E6-FAA656487BF8}.Debug|Any CPU.Build.0 = Debug|Any CPU
		{D9654D35-F86C-4105-B4E6-FAA656487BF8}.Release|Any CPU.ActiveCfg = Release|Any CPU
		{D9654D35-F86C-4105-B4E6-FAA656487BF8}.Release|Any CPU.Build.0 = Release|Any CPU
		{DC393B66-92ED-4CAD-AB25-CFEF23F3D7C6}.Debug|Any CPU.ActiveCfg = Debug|Any CPU
		{DC393B66-92ED-4CAD-AB25-CFEF23F3D7C6}.Debug|Any CPU.Build.0 = Debug|Any CPU
		{DC393B66-92ED-4CAD-AB25-CFEF23F3D7C6}.Release|Any CPU.ActiveCfg = Release|Any CPU
		{DC393B66-92ED-4CAD-AB25-CFEF23F3D7C6}.Release|Any CPU.Build.0 = Release|Any CPU
		{99FD191B-5567-46EC-B89A-3EA83E775087}.Debug|Any CPU.ActiveCfg = Debug|Any CPU
		{99FD191B-5567-46EC-B89A-3EA83E775087}.Release|Any CPU.ActiveCfg = Release|Any CPU
		{A727169F-D94F-443F-B305-B057D7F3B420}.Debug|Any CPU.ActiveCfg = Debug|Any CPU
		{A727169F-D94F-443F-B305-B057D7F3B420}.Release|Any CPU.ActiveCfg = Release|Any CPU
	EndGlobalSection
	GlobalSection(NestedProjects) = preSolution
		{0D8EC1C8-9706-4D8B-96F2-8636F2C9F894} = {2AC59157-9886-470E-A84A-68554F40FCAB}
		{6FBE63EB-4D01-4BED-BC3E-F4AB31AB7D6F} = {2AC59157-9886-470E-A84A-68554F40FCAB}
		{D9654D35-F86C-4105-B4E6-FAA656487BF8} = {2AC59157-9886-470E-A84A-68554F40FCAB}
		{B1AF7070-8E25-4117-A441-14684219F4FD} = {2AC59157-9886-470E-A84A-68554F40FCAB}
		{3B2A5653-EC97-4001-BB9B-D90F1AF2C371} = {CAB552D9-70C5-4062-83AA-FD97B4A7482C}
		{2B8F4F83-C2B3-4E84-A27B-8DEE1BE0E006} = {CAB552D9-70C5-4062-83AA-FD97B4A7482C}
		{53DCA265-3C3C-42F9-B647-F72BA678122B} = {CAB552D9-70C5-4062-83AA-FD97B4A7482C}
		{2A705FC6-1A9E-4941-9E47-254D79F2D9D5} = {CAB552D9-70C5-4062-83AA-FD97B4A7482C}
		{DC393B66-92ED-4CAD-AB25-CFEF23F3D7C6} = {CAB552D9-70C5-4062-83AA-FD97B4A7482C}
		{4CB170EF-DFE6-4A56-9E1B-A85449E827A7} = {8A17756F-3C04-4F26-8D37-5A46366BA535}
		{D68133BD-1E63-496E-9EDE-4FBDBF77B486} = {8A17756F-3C04-4F26-8D37-5A46366BA535}
		{984CC812-9470-4A13-AFF9-CC44068D666C} = {8A17756F-3C04-4F26-8D37-5A46366BA535}
	EndGlobalSection
EndGlobal
