
Microsoft Visual Studio Solution File, Format Version 12.00
# Visual Studio 2012
Project("{FAE04EC0-301F-11D3-BF4B-00C04F79EFBC}") = "PlayScript.Addin", "PlayScript.Addin\PlayScript.Addin.csproj", "{07CC7654-27D6-421D-A64C-0FFA40456FA2}"
EndProject
Project("{2150E333-8FDC-42A3-9474-1A3956D46DE8}") = "NRefactory.PlayScript", "NRefactory.PlayScript", "{2AC59157-9886-470E-A84A-68554F40FCAB}"
EndProject
Project("{FAE04EC0-301F-11D3-BF4B-00C04F79EFBC}") = "ICSharpCode.NRefactory.PlayScript", "external\NRefactory\ICSharpCode.NRefactory.PlayScript\ICSharpCode.NRefactory.PlayScript.csproj", "{0D8EC1C8-9706-4D8B-96F2-8636F2C9F894}"
EndProject
Project("{FAE04EC0-301F-11D3-BF4B-00C04F79EFBC}") = "ICSharpCode.NRefactory.PlayScript.IKVM", "external\NRefactory\ICSharpCode.NRefactory.IKVM\ICSharpCode.NRefactory.PlayScript.IKVM.csproj", "{6FBE63EB-4D01-4BED-BC3E-F4AB31AB7D6F}"
EndProject
Project("{FAE04EC0-301F-11D3-BF4B-00C04F79EFBC}") = "ICSharpCode.NRefactory.PlayScript.Refactoring", "external\NRefactory\ICSharpCode.NRefactory.PlayScript.Refactoring\ICSharpCode.NRefactory.PlayScript.Refactoring.csproj", "{D9654D35-F86C-4105-B4E6-FAA656487BF8}"
EndProject
Project("{FAE04EC0-301F-11D3-BF4B-00C04F79EFBC}") = "ICSharpCode.NRefactory.PlayScript.Xml", "external\NRefactory\ICSharpCode.NRefactory.Xml\ICSharpCode.NRefactory.PlayScript.Xml.csproj", "{B1AF7070-8E25-4117-A441-14684219F4FD}"
EndProject
Project("{FAE04EC0-301F-11D3-BF4B-00C04F79EFBC}") = "ICSharpCode.NRefactory.Ps", "external\NRefactory\ICSharpCode.NRefactory\ICSharpCode.NRefactory.Ps.csproj", "{CBDF3A0D-8B3A-4DEE-B9F9-6FA492A06187}"
EndProject
Project("{FAE04EC0-301F-11D3-BF4B-00C04F79EFBC}") = "ICSharpCode.NRefactory.PlayScript.GtkDemo", "external\NRefactory\ICSharpCode.NRefactory.GtkDemo\ICSharpCode.NRefactory.PlayScript.GtkDemo.csproj", "{BF360491-0779-4ADA-B4B4-70265417E672}"
EndProject
Project("{FAE04EC0-301F-11D3-BF4B-00C04F79EFBC}") = "ICSharpCode.NRefactory.PlayScript.AstVerifier", "external\NRefactory\ICSharpCode.NRefactory.PlayScript.AstVerifier\ICSharpCode.NRefactory.PlayScript.AstVerifier.csproj", "{54C56049-DD33-4AD4-AF45-4D1AAF883449}"
EndProject
Project("{FAE04EC0-301F-11D3-BF4B-00C04F79EFBC}") = "ICSharpCode.NRefactory.PlayScript.Cecil", "external\NRefactory\ICSharpCode.NRefactory.Cecil\ICSharpCode.NRefactory.PlayScript.Cecil.csproj", "{C2B518AC-75DD-4267-A18A-8E310CCF9181}"
EndProject
Project("{2150E333-8FDC-42A3-9474-1A3956D46DE8}") = "MonoDevelop", "MonoDevelop", "{8A17756F-3C04-4F26-8D37-5A46366BA535}"
EndProject
Project("{FAE04EC0-301F-11D3-BF4B-00C04F79EFBC}") = "ICSharpCode.Decompiler", "external\ICSharpCode.Decompiler\ICSharpCode.Decompiler.csproj", "{984CC812-9470-4A13-AFF9-CC44068D666C}"
EndProject
Project("{FAE04EC0-301F-11D3-BF4B-00C04F79EFBC}") = "PlayScript.MSBuild.Tasks", "PlayScript.MSBuild.Tasks\PlayScript.MSBuild.Tasks.csproj", "{BA27E73E-B4F4-48B6-937E-E48D59ADD839}"
EndProject
Project("{FAE04EC0-301F-11D3-BF4B-00C04F79EFBC}") = "PlayScript.MSBuild.Tasks.Test", "PlayScript.MSBuild.Tasks.Test\PlayScript.MSBuild.Tasks.Test.csproj", "{5A10410E-0971-40D6-8135-EC5F77B8630A}"
EndProject
Global
	GlobalSection(SolutionConfigurationPlatforms) = preSolution
		Debug|Any CPU = Debug|Any CPU
		Release|Any CPU = Release|Any CPU
		Debug - AST|Any CPU = Debug - AST|Any CPU
		net_4_5_Debug|Any CPU = net_4_5_Debug|Any CPU
		net_4_5_Release|Any CPU = net_4_5_Release|Any CPU
	EndGlobalSection
	GlobalSection(ProjectConfigurationPlatforms) = postSolution
		{07CC7654-27D6-421D-A64C-0FFA40456FA2}.Debug - AST|Any CPU.ActiveCfg = Debug|Any CPU
		{07CC7654-27D6-421D-A64C-0FFA40456FA2}.Debug - AST|Any CPU.Build.0 = Debug|Any CPU
		{07CC7654-27D6-421D-A64C-0FFA40456FA2}.Debug|Any CPU.ActiveCfg = Debug|Any CPU
		{07CC7654-27D6-421D-A64C-0FFA40456FA2}.Debug|Any CPU.Build.0 = Debug|Any CPU
		{07CC7654-27D6-421D-A64C-0FFA40456FA2}.net_4_5_Debug|Any CPU.ActiveCfg = Debug|Any CPU
		{07CC7654-27D6-421D-A64C-0FFA40456FA2}.net_4_5_Debug|Any CPU.Build.0 = Debug|Any CPU
		{07CC7654-27D6-421D-A64C-0FFA40456FA2}.net_4_5_Release|Any CPU.ActiveCfg = Debug|Any CPU
		{07CC7654-27D6-421D-A64C-0FFA40456FA2}.net_4_5_Release|Any CPU.Build.0 = Debug|Any CPU
		{07CC7654-27D6-421D-A64C-0FFA40456FA2}.Release|Any CPU.ActiveCfg = Release|Any CPU
		{07CC7654-27D6-421D-A64C-0FFA40456FA2}.Release|Any CPU.Build.0 = Release|Any CPU
		{0D8EC1C8-9706-4D8B-96F2-8636F2C9F894}.Debug - AST|Any CPU.ActiveCfg = Debug|Any CPU
		{0D8EC1C8-9706-4D8B-96F2-8636F2C9F894}.Debug - AST|Any CPU.Build.0 = Debug|Any CPU
		{0D8EC1C8-9706-4D8B-96F2-8636F2C9F894}.Debug|Any CPU.ActiveCfg = Debug|Any CPU
		{0D8EC1C8-9706-4D8B-96F2-8636F2C9F894}.Debug|Any CPU.Build.0 = Debug|Any CPU
		{0D8EC1C8-9706-4D8B-96F2-8636F2C9F894}.net_4_5_Debug|Any CPU.ActiveCfg = net_4_5_Debug|Any CPU
		{0D8EC1C8-9706-4D8B-96F2-8636F2C9F894}.net_4_5_Debug|Any CPU.Build.0 = net_4_5_Debug|Any CPU
		{0D8EC1C8-9706-4D8B-96F2-8636F2C9F894}.net_4_5_Release|Any CPU.ActiveCfg = net_4_5_Release|Any CPU
		{0D8EC1C8-9706-4D8B-96F2-8636F2C9F894}.net_4_5_Release|Any CPU.Build.0 = net_4_5_Release|Any CPU
		{0D8EC1C8-9706-4D8B-96F2-8636F2C9F894}.Release|Any CPU.ActiveCfg = Release|Any CPU
		{0D8EC1C8-9706-4D8B-96F2-8636F2C9F894}.Release|Any CPU.Build.0 = Release|Any CPU
		{54C56049-DD33-4AD4-AF45-4D1AAF883449}.Debug - AST|Any CPU.ActiveCfg = Debug|Any CPU
		{54C56049-DD33-4AD4-AF45-4D1AAF883449}.Debug - AST|Any CPU.Build.0 = Debug|Any CPU
		{54C56049-DD33-4AD4-AF45-4D1AAF883449}.Debug|Any CPU.ActiveCfg = Debug|Any CPU
		{54C56049-DD33-4AD4-AF45-4D1AAF883449}.Debug|Any CPU.Build.0 = Debug|Any CPU
		{54C56049-DD33-4AD4-AF45-4D1AAF883449}.net_4_5_Debug|Any CPU.ActiveCfg = Debug|Any CPU
		{54C56049-DD33-4AD4-AF45-4D1AAF883449}.net_4_5_Debug|Any CPU.Build.0 = Debug|Any CPU
		{54C56049-DD33-4AD4-AF45-4D1AAF883449}.net_4_5_Release|Any CPU.ActiveCfg = Debug|Any CPU
		{54C56049-DD33-4AD4-AF45-4D1AAF883449}.net_4_5_Release|Any CPU.Build.0 = Debug|Any CPU
		{54C56049-DD33-4AD4-AF45-4D1AAF883449}.Release|Any CPU.ActiveCfg = Release|Any CPU
		{54C56049-DD33-4AD4-AF45-4D1AAF883449}.Release|Any CPU.Build.0 = Release|Any CPU
		{5A10410E-0971-40D6-8135-EC5F77B8630A}.Debug - AST|Any CPU.ActiveCfg = Debug|Any CPU
		{5A10410E-0971-40D6-8135-EC5F77B8630A}.Debug - AST|Any CPU.Build.0 = Debug|Any CPU
		{5A10410E-0971-40D6-8135-EC5F77B8630A}.Debug|Any CPU.ActiveCfg = Debug|Any CPU
		{5A10410E-0971-40D6-8135-EC5F77B8630A}.Debug|Any CPU.Build.0 = Debug|Any CPU
		{5A10410E-0971-40D6-8135-EC5F77B8630A}.net_4_5_Debug|Any CPU.ActiveCfg = Debug|Any CPU
		{5A10410E-0971-40D6-8135-EC5F77B8630A}.net_4_5_Debug|Any CPU.Build.0 = Debug|Any CPU
		{5A10410E-0971-40D6-8135-EC5F77B8630A}.net_4_5_Release|Any CPU.ActiveCfg = Debug|Any CPU
		{5A10410E-0971-40D6-8135-EC5F77B8630A}.net_4_5_Release|Any CPU.Build.0 = Debug|Any CPU
		{5A10410E-0971-40D6-8135-EC5F77B8630A}.Release|Any CPU.ActiveCfg = Release|Any CPU
		{5A10410E-0971-40D6-8135-EC5F77B8630A}.Release|Any CPU.Build.0 = Release|Any CPU
		{6FBE63EB-4D01-4BED-BC3E-F4AB31AB7D6F}.Debug - AST|Any CPU.ActiveCfg = Debug|Any CPU
		{6FBE63EB-4D01-4BED-BC3E-F4AB31AB7D6F}.Debug - AST|Any CPU.Build.0 = Debug|Any CPU
		{6FBE63EB-4D01-4BED-BC3E-F4AB31AB7D6F}.Debug|Any CPU.ActiveCfg = Debug|Any CPU
		{6FBE63EB-4D01-4BED-BC3E-F4AB31AB7D6F}.Debug|Any CPU.Build.0 = Debug|Any CPU
		{6FBE63EB-4D01-4BED-BC3E-F4AB31AB7D6F}.net_4_5_Debug|Any CPU.ActiveCfg = Debug|Any CPU
		{6FBE63EB-4D01-4BED-BC3E-F4AB31AB7D6F}.net_4_5_Debug|Any CPU.Build.0 = Debug|Any CPU
		{6FBE63EB-4D01-4BED-BC3E-F4AB31AB7D6F}.net_4_5_Release|Any CPU.ActiveCfg = Debug|Any CPU
		{6FBE63EB-4D01-4BED-BC3E-F4AB31AB7D6F}.net_4_5_Release|Any CPU.Build.0 = Debug|Any CPU
		{6FBE63EB-4D01-4BED-BC3E-F4AB31AB7D6F}.Release|Any CPU.ActiveCfg = Release|Any CPU
		{6FBE63EB-4D01-4BED-BC3E-F4AB31AB7D6F}.Release|Any CPU.Build.0 = Release|Any CPU
		{984CC812-9470-4A13-AFF9-CC44068D666C}.Debug - AST|Any CPU.ActiveCfg = Debug|Any CPU
		{984CC812-9470-4A13-AFF9-CC44068D666C}.Debug - AST|Any CPU.Build.0 = Debug|Any CPU
		{984CC812-9470-4A13-AFF9-CC44068D666C}.Debug|Any CPU.ActiveCfg = Debug|Any CPU
		{984CC812-9470-4A13-AFF9-CC44068D666C}.Debug|Any CPU.Build.0 = Debug|Any CPU
		{984CC812-9470-4A13-AFF9-CC44068D666C}.net_4_5_Debug|Any CPU.ActiveCfg = Debug|Any CPU
		{984CC812-9470-4A13-AFF9-CC44068D666C}.net_4_5_Debug|Any CPU.Build.0 = Debug|Any CPU
		{984CC812-9470-4A13-AFF9-CC44068D666C}.net_4_5_Release|Any CPU.ActiveCfg = Debug|Any CPU
		{984CC812-9470-4A13-AFF9-CC44068D666C}.net_4_5_Release|Any CPU.Build.0 = Debug|Any CPU
		{984CC812-9470-4A13-AFF9-CC44068D666C}.Release|Any CPU.ActiveCfg = Release|Any CPU
		{984CC812-9470-4A13-AFF9-CC44068D666C}.Release|Any CPU.Build.0 = Release|Any CPU
		{B1AF7070-8E25-4117-A441-14684219F4FD}.Debug - AST|Any CPU.ActiveCfg = Debug|Any CPU
		{B1AF7070-8E25-4117-A441-14684219F4FD}.Debug - AST|Any CPU.Build.0 = Debug|Any CPU
		{B1AF7070-8E25-4117-A441-14684219F4FD}.Debug|Any CPU.ActiveCfg = Debug|Any CPU
		{B1AF7070-8E25-4117-A441-14684219F4FD}.Debug|Any CPU.Build.0 = Debug|Any CPU
		{B1AF7070-8E25-4117-A441-14684219F4FD}.net_4_5_Debug|Any CPU.ActiveCfg = net_4_5_Debug|Any CPU
		{B1AF7070-8E25-4117-A441-14684219F4FD}.net_4_5_Debug|Any CPU.Build.0 = net_4_5_Debug|Any CPU
		{B1AF7070-8E25-4117-A441-14684219F4FD}.net_4_5_Release|Any CPU.ActiveCfg = net_4_5_Release|Any CPU
		{B1AF7070-8E25-4117-A441-14684219F4FD}.net_4_5_Release|Any CPU.Build.0 = net_4_5_Release|Any CPU
		{B1AF7070-8E25-4117-A441-14684219F4FD}.Release|Any CPU.ActiveCfg = Release|Any CPU
		{B1AF7070-8E25-4117-A441-14684219F4FD}.Release|Any CPU.Build.0 = Release|Any CPU
		{BA27E73E-B4F4-48B6-937E-E48D59ADD839}.Debug - AST|Any CPU.ActiveCfg = Debug|Any CPU
		{BA27E73E-B4F4-48B6-937E-E48D59ADD839}.Debug - AST|Any CPU.Build.0 = Debug|Any CPU
		{BA27E73E-B4F4-48B6-937E-E48D59ADD839}.Debug|Any CPU.ActiveCfg = Debug|Any CPU
		{BA27E73E-B4F4-48B6-937E-E48D59ADD839}.Debug|Any CPU.Build.0 = Debug|Any CPU
		{BA27E73E-B4F4-48B6-937E-E48D59ADD839}.net_4_5_Debug|Any CPU.ActiveCfg = Debug|Any CPU
		{BA27E73E-B4F4-48B6-937E-E48D59ADD839}.net_4_5_Debug|Any CPU.Build.0 = Debug|Any CPU
		{BA27E73E-B4F4-48B6-937E-E48D59ADD839}.net_4_5_Release|Any CPU.ActiveCfg = Debug|Any CPU
		{BA27E73E-B4F4-48B6-937E-E48D59ADD839}.net_4_5_Release|Any CPU.Build.0 = Debug|Any CPU
		{BA27E73E-B4F4-48B6-937E-E48D59ADD839}.Release|Any CPU.ActiveCfg = Release|Any CPU
		{BA27E73E-B4F4-48B6-937E-E48D59ADD839}.Release|Any CPU.Build.0 = Release|Any CPU
		{BF360491-0779-4ADA-B4B4-70265417E672}.Debug - AST|Any CPU.ActiveCfg = Debug|Any CPU
		{BF360491-0779-4ADA-B4B4-70265417E672}.Debug - AST|Any CPU.Build.0 = Debug|Any CPU
		{BF360491-0779-4ADA-B4B4-70265417E672}.Debug|Any CPU.ActiveCfg = Debug|Any CPU
		{BF360491-0779-4ADA-B4B4-70265417E672}.Debug|Any CPU.Build.0 = Debug|Any CPU
		{BF360491-0779-4ADA-B4B4-70265417E672}.net_4_5_Debug|Any CPU.ActiveCfg = Debug|Any CPU
		{BF360491-0779-4ADA-B4B4-70265417E672}.net_4_5_Debug|Any CPU.Build.0 = Debug|Any CPU
		{BF360491-0779-4ADA-B4B4-70265417E672}.net_4_5_Release|Any CPU.ActiveCfg = Debug|Any CPU
		{BF360491-0779-4ADA-B4B4-70265417E672}.net_4_5_Release|Any CPU.Build.0 = Debug|Any CPU
		{BF360491-0779-4ADA-B4B4-70265417E672}.Release|Any CPU.ActiveCfg = Release|Any CPU
		{BF360491-0779-4ADA-B4B4-70265417E672}.Release|Any CPU.Build.0 = Release|Any CPU
		{C2B518AC-75DD-4267-A18A-8E310CCF9181}.Debug - AST|Any CPU.ActiveCfg = Debug|Any CPU
		{C2B518AC-75DD-4267-A18A-8E310CCF9181}.Debug - AST|Any CPU.Build.0 = Debug|Any CPU
		{C2B518AC-75DD-4267-A18A-8E310CCF9181}.Debug|Any CPU.ActiveCfg = Debug|Any CPU
		{C2B518AC-75DD-4267-A18A-8E310CCF9181}.Debug|Any CPU.Build.0 = Debug|Any CPU
		{C2B518AC-75DD-4267-A18A-8E310CCF9181}.net_4_5_Debug|Any CPU.ActiveCfg = net_4_5_Debug|Any CPU
		{C2B518AC-75DD-4267-A18A-8E310CCF9181}.net_4_5_Debug|Any CPU.Build.0 = net_4_5_Debug|Any CPU
		{C2B518AC-75DD-4267-A18A-8E310CCF9181}.net_4_5_Release|Any CPU.ActiveCfg = net_4_5_Release|Any CPU
		{C2B518AC-75DD-4267-A18A-8E310CCF9181}.net_4_5_Release|Any CPU.Build.0 = net_4_5_Release|Any CPU
		{C2B518AC-75DD-4267-A18A-8E310CCF9181}.Release|Any CPU.ActiveCfg = Release|Any CPU
		{C2B518AC-75DD-4267-A18A-8E310CCF9181}.Release|Any CPU.Build.0 = Release|Any CPU
		{CBDF3A0D-8B3A-4DEE-B9F9-6FA492A06187}.Debug - AST|Any CPU.ActiveCfg = Debug|Any CPU
		{CBDF3A0D-8B3A-4DEE-B9F9-6FA492A06187}.Debug - AST|Any CPU.Build.0 = Debug|Any CPU
		{CBDF3A0D-8B3A-4DEE-B9F9-6FA492A06187}.Debug|Any CPU.ActiveCfg = Debug|Any CPU
		{CBDF3A0D-8B3A-4DEE-B9F9-6FA492A06187}.Debug|Any CPU.Build.0 = Debug|Any CPU
		{CBDF3A0D-8B3A-4DEE-B9F9-6FA492A06187}.net_4_5_Debug|Any CPU.ActiveCfg = net_4_5_Debug|Any CPU
		{CBDF3A0D-8B3A-4DEE-B9F9-6FA492A06187}.net_4_5_Debug|Any CPU.Build.0 = net_4_5_Debug|Any CPU
		{CBDF3A0D-8B3A-4DEE-B9F9-6FA492A06187}.net_4_5_Release|Any CPU.ActiveCfg = net_4_5_Release|Any CPU
		{CBDF3A0D-8B3A-4DEE-B9F9-6FA492A06187}.net_4_5_Release|Any CPU.Build.0 = net_4_5_Release|Any CPU
		{CBDF3A0D-8B3A-4DEE-B9F9-6FA492A06187}.Release|Any CPU.ActiveCfg = Release|Any CPU
		{CBDF3A0D-8B3A-4DEE-B9F9-6FA492A06187}.Release|Any CPU.Build.0 = Release|Any CPU
		{D9654D35-F86C-4105-B4E6-FAA656487BF8}.Debug - AST|Any CPU.ActiveCfg = Debug|Any CPU
		{D9654D35-F86C-4105-B4E6-FAA656487BF8}.Debug - AST|Any CPU.Build.0 = Debug|Any CPU
		{D9654D35-F86C-4105-B4E6-FAA656487BF8}.Debug|Any CPU.ActiveCfg = Debug|Any CPU
		{D9654D35-F86C-4105-B4E6-FAA656487BF8}.Debug|Any CPU.Build.0 = Debug|Any CPU
		{D9654D35-F86C-4105-B4E6-FAA656487BF8}.net_4_5_Debug|Any CPU.ActiveCfg = net_4_5_Debug|Any CPU
		{D9654D35-F86C-4105-B4E6-FAA656487BF8}.net_4_5_Debug|Any CPU.Build.0 = net_4_5_Debug|Any CPU
		{D9654D35-F86C-4105-B4E6-FAA656487BF8}.net_4_5_Release|Any CPU.ActiveCfg = net_4_5_Release|Any CPU
		{D9654D35-F86C-4105-B4E6-FAA656487BF8}.net_4_5_Release|Any CPU.Build.0 = net_4_5_Release|Any CPU
		{D9654D35-F86C-4105-B4E6-FAA656487BF8}.Release|Any CPU.ActiveCfg = Release|Any CPU
		{D9654D35-F86C-4105-B4E6-FAA656487BF8}.Release|Any CPU.Build.0 = Release|Any CPU
		{99FD191B-5567-46EC-B89A-3EA83E775087}.Debug|Any CPU.ActiveCfg = Debug|Any CPU
		{99FD191B-5567-46EC-B89A-3EA83E775087}.Release|Any CPU.ActiveCfg = Release|Any CPU
		{A727169F-D94F-443F-B305-B057D7F3B420}.Debug|Any CPU.ActiveCfg = Debug|Any CPU
		{A727169F-D94F-443F-B305-B057D7F3B420}.Release|Any CPU.ActiveCfg = Release|Any CPU
	EndGlobalSection
	GlobalSection(NestedProjects) = preSolution
		{0D8EC1C8-9706-4D8B-96F2-8636F2C9F894} = {2AC59157-9886-470E-A84A-68554F40FCAB}
		{6FBE63EB-4D01-4BED-BC3E-F4AB31AB7D6F} = {2AC59157-9886-470E-A84A-68554F40FCAB}
		{D9654D35-F86C-4105-B4E6-FAA656487BF8} = {2AC59157-9886-470E-A84A-68554F40FCAB}
		{B1AF7070-8E25-4117-A441-14684219F4FD} = {2AC59157-9886-470E-A84A-68554F40FCAB}
		{CBDF3A0D-8B3A-4DEE-B9F9-6FA492A06187} = {2AC59157-9886-470E-A84A-68554F40FCAB}
		{BF360491-0779-4ADA-B4B4-70265417E672} = {2AC59157-9886-470E-A84A-68554F40FCAB}
		{54C56049-DD33-4AD4-AF45-4D1AAF883449} = {2AC59157-9886-470E-A84A-68554F40FCAB}
		{C2B518AC-75DD-4267-A18A-8E310CCF9181} = {2AC59157-9886-470E-A84A-68554F40FCAB}
		{984CC812-9470-4A13-AFF9-CC44068D666C} = {8A17756F-3C04-4F26-8D37-5A46366BA535}
	EndGlobalSection
EndGlobal
