
Microsoft Visual Studio Solution File, Format Version 12.00
# Visual Studio 2012
Project("{FAE04EC0-301F-11D3-BF4B-00C04F79EFBC}") = "PlayScript.Addin", "PlayScript.Addin\PlayScript.Addin\PlayScript.Addin.csproj", "{99FD191B-5567-46EC-B89A-3EA83E775087}"
EndProject
Project("{FAE04EC0-301F-11D3-BF4B-00C04F79EFBC}") = "PlayScriptBinding", "PlayBinding\PlayScriptBinding.csproj", "{07CC7654-27D6-421D-A64C-0FFA40456FA2}"
EndProject
Project("{2150E333-8FDC-42A3-9474-1A3956D46DE8}") = "NRefactory", "NRefactory", "{EE47B354-43ED-4293-9E54-B831ADB649A6}"
EndProject
Project("{FAE04EC0-301F-11D3-BF4B-00C04F79EFBC}") = "ICSharpCode.Decompiler", "..\monodevelop\main\contrib\ICSharpCode.Decompiler\ICSharpCode.Decompiler.csproj", "{984CC812-9470-4A13-AFF9-CC44068D666C}"
EndProject
Project("{FAE04EC0-301F-11D3-BF4B-00C04F79EFBC}") = "ICSharpCode.NRefactory.PlayScript.IKVM", "external\NRefactory\ICSharpCode.NRefactory.IKVM\ICSharpCode.NRefactory.PlayScript.IKVM.csproj", "{A727169F-D94F-443F-B305-B057D7F3B420}"
EndProject
Project("{FAE04EC0-301F-11D3-BF4B-00C04F79EFBC}") = "ICSharpCode.NRefactory.PlayScript.Refactoring", "external\NRefactory\ICSharpCode.NRefactory.PlayScript.Refactoring\ICSharpCode.NRefactory.PlayScript.Refactoring.csproj", "{2A705FC6-1A9E-4941-9E47-254D79F2D9D5}"
EndProject
Project("{FAE04EC0-301F-11D3-BF4B-00C04F79EFBC}") = "ICSharpCode.NRefactory.PlayScript.Xml", "external\NRefactory\ICSharpCode.NRefactory.Xml\ICSharpCode.NRefactory.PlayScript.Xml.csproj", "{DC393B66-92ED-4CAD-AB25-CFEF23F3D7C6}"
EndProject
Project("{FAE04EC0-301F-11D3-BF4B-00C04F79EFBC}") = "IKVM.Reflection", "external\ikvm\reflect\IKVM.Reflection.csproj", "{4CB170EF-DFE6-4A56-9E1B-A85449E827A7}"
EndProject
Project("{FAE04EC0-301F-11D3-BF4B-00C04F79EFBC}") = "ICSharpCode.NRefactory.PlayScript", "external\NRefactory\ICSharpCode.NRefactory.PlayScript\ICSharpCode.NRefactory.PlayScript.csproj", "{53DCA265-3C3C-42F9-B647-F72BA678122B}"
EndProject
Global
	GlobalSection(SolutionConfigurationPlatforms) = preSolution
		Debug|Any CPU = Debug|Any CPU
		Release|Any CPU = Release|Any CPU
		net_4_5_Debug|Any CPU = net_4_5_Debug|Any CPU
		net_4_5_Release|Any CPU = net_4_5_Release|Any CPU
		net_2_0_Debug|Any CPU = net_2_0_Debug|Any CPU
		net_2_0_Release|Any CPU = net_2_0_Release|Any CPU
		net_3_5_Debug|Any CPU = net_3_5_Debug|Any CPU
		net_3_5_Release|Any CPU = net_3_5_Release|Any CPU
		net_4_0_Debug|Any CPU = net_4_0_Debug|Any CPU
		net_4_0_Release|Any CPU = net_4_0_Release|Any CPU
		silverlight_Debug|Any CPU = silverlight_Debug|Any CPU
		silverlight_Release|Any CPU = silverlight_Release|Any CPU
		winphone_Debug|Any CPU = winphone_Debug|Any CPU
		winphone_Release|Any CPU = winphone_Release|Any CPU
		Debug|x86 = Debug|x86
		Release|x86 = Release|x86
		net_4_5_Debug|x86 = net_4_5_Debug|x86
		net_4_5_Release|x86 = net_4_5_Release|x86
	EndGlobalSection
	GlobalSection(ProjectConfigurationPlatforms) = postSolution
		{07CC7654-27D6-421D-A64C-0FFA40456FA2}.Debug|Any CPU.ActiveCfg = Debug|Any CPU
		{07CC7654-27D6-421D-A64C-0FFA40456FA2}.Debug|Any CPU.Build.0 = Debug|Any CPU
		{07CC7654-27D6-421D-A64C-0FFA40456FA2}.Debug|x86.ActiveCfg = Debug|Any CPU
		{07CC7654-27D6-421D-A64C-0FFA40456FA2}.Debug|x86.Build.0 = Debug|Any CPU
		{07CC7654-27D6-421D-A64C-0FFA40456FA2}.net_2_0_Debug|Any CPU.ActiveCfg = Debug|Any CPU
		{07CC7654-27D6-421D-A64C-0FFA40456FA2}.net_2_0_Debug|Any CPU.Build.0 = Debug|Any CPU
		{07CC7654-27D6-421D-A64C-0FFA40456FA2}.net_2_0_Release|Any CPU.ActiveCfg = Debug|Any CPU
		{07CC7654-27D6-421D-A64C-0FFA40456FA2}.net_2_0_Release|Any CPU.Build.0 = Debug|Any CPU
		{07CC7654-27D6-421D-A64C-0FFA40456FA2}.net_3_5_Debug|Any CPU.ActiveCfg = Debug|Any CPU
		{07CC7654-27D6-421D-A64C-0FFA40456FA2}.net_3_5_Debug|Any CPU.Build.0 = Debug|Any CPU
		{07CC7654-27D6-421D-A64C-0FFA40456FA2}.net_3_5_Release|Any CPU.ActiveCfg = Debug|Any CPU
		{07CC7654-27D6-421D-A64C-0FFA40456FA2}.net_3_5_Release|Any CPU.Build.0 = Debug|Any CPU
		{07CC7654-27D6-421D-A64C-0FFA40456FA2}.net_4_0_Debug|Any CPU.ActiveCfg = Debug|Any CPU
		{07CC7654-27D6-421D-A64C-0FFA40456FA2}.net_4_0_Debug|Any CPU.Build.0 = Debug|Any CPU
		{07CC7654-27D6-421D-A64C-0FFA40456FA2}.net_4_0_Release|Any CPU.ActiveCfg = Debug|Any CPU
		{07CC7654-27D6-421D-A64C-0FFA40456FA2}.net_4_0_Release|Any CPU.Build.0 = Debug|Any CPU
		{07CC7654-27D6-421D-A64C-0FFA40456FA2}.net_4_5_Debug|Any CPU.ActiveCfg = Debug|Any CPU
		{07CC7654-27D6-421D-A64C-0FFA40456FA2}.net_4_5_Debug|Any CPU.Build.0 = Debug|Any CPU
		{07CC7654-27D6-421D-A64C-0FFA40456FA2}.net_4_5_Debug|x86.ActiveCfg = Debug|Any CPU
		{07CC7654-27D6-421D-A64C-0FFA40456FA2}.net_4_5_Debug|x86.Build.0 = Debug|Any CPU
		{07CC7654-27D6-421D-A64C-0FFA40456FA2}.net_4_5_Release|Any CPU.ActiveCfg = Debug|Any CPU
		{07CC7654-27D6-421D-A64C-0FFA40456FA2}.net_4_5_Release|Any CPU.Build.0 = Debug|Any CPU
		{07CC7654-27D6-421D-A64C-0FFA40456FA2}.net_4_5_Release|x86.ActiveCfg = Debug|Any CPU
		{07CC7654-27D6-421D-A64C-0FFA40456FA2}.net_4_5_Release|x86.Build.0 = Debug|Any CPU
		{07CC7654-27D6-421D-A64C-0FFA40456FA2}.Release|Any CPU.ActiveCfg = Release|Any CPU
		{07CC7654-27D6-421D-A64C-0FFA40456FA2}.Release|Any CPU.Build.0 = Release|Any CPU
		{07CC7654-27D6-421D-A64C-0FFA40456FA2}.Release|x86.ActiveCfg = Release|Any CPU
		{07CC7654-27D6-421D-A64C-0FFA40456FA2}.Release|x86.Build.0 = Release|Any CPU
		{07CC7654-27D6-421D-A64C-0FFA40456FA2}.silverlight_Debug|Any CPU.ActiveCfg = Debug|Any CPU
		{07CC7654-27D6-421D-A64C-0FFA40456FA2}.silverlight_Debug|Any CPU.Build.0 = Debug|Any CPU
		{07CC7654-27D6-421D-A64C-0FFA40456FA2}.silverlight_Release|Any CPU.ActiveCfg = Debug|Any CPU
		{07CC7654-27D6-421D-A64C-0FFA40456FA2}.silverlight_Release|Any CPU.Build.0 = Debug|Any CPU
		{07CC7654-27D6-421D-A64C-0FFA40456FA2}.winphone_Debug|Any CPU.ActiveCfg = Debug|Any CPU
		{07CC7654-27D6-421D-A64C-0FFA40456FA2}.winphone_Debug|Any CPU.Build.0 = Debug|Any CPU
		{07CC7654-27D6-421D-A64C-0FFA40456FA2}.winphone_Release|Any CPU.ActiveCfg = Debug|Any CPU
		{07CC7654-27D6-421D-A64C-0FFA40456FA2}.winphone_Release|Any CPU.Build.0 = Debug|Any CPU
		{2A705FC6-1A9E-4941-9E47-254D79F2D9D5}.Debug|Any CPU.ActiveCfg = Debug|Any CPU
		{2A705FC6-1A9E-4941-9E47-254D79F2D9D5}.Debug|Any CPU.Build.0 = Debug|Any CPU
		{2A705FC6-1A9E-4941-9E47-254D79F2D9D5}.Debug|x86.ActiveCfg = Debug|Any CPU
		{2A705FC6-1A9E-4941-9E47-254D79F2D9D5}.Debug|x86.Build.0 = Debug|Any CPU
		{2A705FC6-1A9E-4941-9E47-254D79F2D9D5}.net_2_0_Debug|Any CPU.ActiveCfg = Debug|Any CPU
		{2A705FC6-1A9E-4941-9E47-254D79F2D9D5}.net_2_0_Debug|Any CPU.Build.0 = Debug|Any CPU
		{2A705FC6-1A9E-4941-9E47-254D79F2D9D5}.net_2_0_Release|Any CPU.ActiveCfg = Debug|Any CPU
		{2A705FC6-1A9E-4941-9E47-254D79F2D9D5}.net_2_0_Release|Any CPU.Build.0 = Debug|Any CPU
		{2A705FC6-1A9E-4941-9E47-254D79F2D9D5}.net_3_5_Debug|Any CPU.ActiveCfg = Debug|Any CPU
		{2A705FC6-1A9E-4941-9E47-254D79F2D9D5}.net_3_5_Debug|Any CPU.Build.0 = Debug|Any CPU
		{2A705FC6-1A9E-4941-9E47-254D79F2D9D5}.net_3_5_Release|Any CPU.ActiveCfg = Debug|Any CPU
		{2A705FC6-1A9E-4941-9E47-254D79F2D9D5}.net_3_5_Release|Any CPU.Build.0 = Debug|Any CPU
		{2A705FC6-1A9E-4941-9E47-254D79F2D9D5}.net_4_0_Debug|Any CPU.ActiveCfg = Debug|Any CPU
		{2A705FC6-1A9E-4941-9E47-254D79F2D9D5}.net_4_0_Debug|Any CPU.Build.0 = Debug|Any CPU
		{2A705FC6-1A9E-4941-9E47-254D79F2D9D5}.net_4_0_Release|Any CPU.ActiveCfg = Debug|Any CPU
		{2A705FC6-1A9E-4941-9E47-254D79F2D9D5}.net_4_0_Release|Any CPU.Build.0 = Debug|Any CPU
		{2A705FC6-1A9E-4941-9E47-254D79F2D9D5}.net_4_5_Debug|Any CPU.ActiveCfg = net_4_5_Debug|Any CPU
		{2A705FC6-1A9E-4941-9E47-254D79F2D9D5}.net_4_5_Debug|Any CPU.Build.0 = net_4_5_Debug|Any CPU
		{2A705FC6-1A9E-4941-9E47-254D79F2D9D5}.net_4_5_Debug|x86.ActiveCfg = net_4_5_Debug|Any CPU
		{2A705FC6-1A9E-4941-9E47-254D79F2D9D5}.net_4_5_Debug|x86.Build.0 = net_4_5_Debug|Any CPU
		{2A705FC6-1A9E-4941-9E47-254D79F2D9D5}.net_4_5_Release|Any CPU.ActiveCfg = net_4_5_Release|Any CPU
		{2A705FC6-1A9E-4941-9E47-254D79F2D9D5}.net_4_5_Release|Any CPU.Build.0 = net_4_5_Release|Any CPU
		{2A705FC6-1A9E-4941-9E47-254D79F2D9D5}.net_4_5_Release|x86.ActiveCfg = net_4_5_Release|Any CPU
		{2A705FC6-1A9E-4941-9E47-254D79F2D9D5}.net_4_5_Release|x86.Build.0 = net_4_5_Release|Any CPU
		{2A705FC6-1A9E-4941-9E47-254D79F2D9D5}.Release|Any CPU.ActiveCfg = Release|Any CPU
		{2A705FC6-1A9E-4941-9E47-254D79F2D9D5}.Release|Any CPU.Build.0 = Release|Any CPU
		{2A705FC6-1A9E-4941-9E47-254D79F2D9D5}.Release|x86.ActiveCfg = Release|Any CPU
		{2A705FC6-1A9E-4941-9E47-254D79F2D9D5}.Release|x86.Build.0 = Release|Any CPU
		{2A705FC6-1A9E-4941-9E47-254D79F2D9D5}.silverlight_Debug|Any CPU.ActiveCfg = Debug|Any CPU
		{2A705FC6-1A9E-4941-9E47-254D79F2D9D5}.silverlight_Debug|Any CPU.Build.0 = Debug|Any CPU
		{2A705FC6-1A9E-4941-9E47-254D79F2D9D5}.silverlight_Release|Any CPU.ActiveCfg = Debug|Any CPU
		{2A705FC6-1A9E-4941-9E47-254D79F2D9D5}.silverlight_Release|Any CPU.Build.0 = Debug|Any CPU
		{2A705FC6-1A9E-4941-9E47-254D79F2D9D5}.winphone_Debug|Any CPU.ActiveCfg = Debug|Any CPU
		{2A705FC6-1A9E-4941-9E47-254D79F2D9D5}.winphone_Debug|Any CPU.Build.0 = Debug|Any CPU
		{2A705FC6-1A9E-4941-9E47-254D79F2D9D5}.winphone_Release|Any CPU.ActiveCfg = Debug|Any CPU
		{2A705FC6-1A9E-4941-9E47-254D79F2D9D5}.winphone_Release|Any CPU.Build.0 = Debug|Any CPU
		{4CB170EF-DFE6-4A56-9E1B-A85449E827A7}.Debug|Any CPU.ActiveCfg = Debug|Any CPU
		{4CB170EF-DFE6-4A56-9E1B-A85449E827A7}.Debug|Any CPU.Build.0 = Debug|Any CPU
		{4CB170EF-DFE6-4A56-9E1B-A85449E827A7}.Debug|x86.ActiveCfg = Debug|Any CPU
		{4CB170EF-DFE6-4A56-9E1B-A85449E827A7}.Debug|x86.Build.0 = Debug|Any CPU
		{4CB170EF-DFE6-4A56-9E1B-A85449E827A7}.net_2_0_Debug|Any CPU.ActiveCfg = Debug|Any CPU
		{4CB170EF-DFE6-4A56-9E1B-A85449E827A7}.net_2_0_Debug|Any CPU.Build.0 = Debug|Any CPU
		{4CB170EF-DFE6-4A56-9E1B-A85449E827A7}.net_2_0_Release|Any CPU.ActiveCfg = Debug|Any CPU
		{4CB170EF-DFE6-4A56-9E1B-A85449E827A7}.net_2_0_Release|Any CPU.Build.0 = Debug|Any CPU
		{4CB170EF-DFE6-4A56-9E1B-A85449E827A7}.net_3_5_Debug|Any CPU.ActiveCfg = Debug|Any CPU
		{4CB170EF-DFE6-4A56-9E1B-A85449E827A7}.net_3_5_Debug|Any CPU.Build.0 = Debug|Any CPU
		{4CB170EF-DFE6-4A56-9E1B-A85449E827A7}.net_3_5_Release|Any CPU.ActiveCfg = Debug|Any CPU
		{4CB170EF-DFE6-4A56-9E1B-A85449E827A7}.net_3_5_Release|Any CPU.Build.0 = Debug|Any CPU
		{4CB170EF-DFE6-4A56-9E1B-A85449E827A7}.net_4_0_Debug|Any CPU.ActiveCfg = Debug|Any CPU
		{4CB170EF-DFE6-4A56-9E1B-A85449E827A7}.net_4_0_Debug|Any CPU.Build.0 = Debug|Any CPU
		{4CB170EF-DFE6-4A56-9E1B-A85449E827A7}.net_4_0_Release|Any CPU.ActiveCfg = Debug|Any CPU
		{4CB170EF-DFE6-4A56-9E1B-A85449E827A7}.net_4_0_Release|Any CPU.Build.0 = Debug|Any CPU
		{4CB170EF-DFE6-4A56-9E1B-A85449E827A7}.net_4_5_Debug|Any CPU.ActiveCfg = Debug|Any CPU
		{4CB170EF-DFE6-4A56-9E1B-A85449E827A7}.net_4_5_Debug|Any CPU.Build.0 = Debug|Any CPU
		{4CB170EF-DFE6-4A56-9E1B-A85449E827A7}.net_4_5_Debug|x86.ActiveCfg = Debug|Any CPU
		{4CB170EF-DFE6-4A56-9E1B-A85449E827A7}.net_4_5_Debug|x86.Build.0 = Debug|Any CPU
		{4CB170EF-DFE6-4A56-9E1B-A85449E827A7}.net_4_5_Release|Any CPU.ActiveCfg = Debug|Any CPU
		{4CB170EF-DFE6-4A56-9E1B-A85449E827A7}.net_4_5_Release|Any CPU.Build.0 = Debug|Any CPU
		{4CB170EF-DFE6-4A56-9E1B-A85449E827A7}.net_4_5_Release|x86.ActiveCfg = Debug|Any CPU
		{4CB170EF-DFE6-4A56-9E1B-A85449E827A7}.net_4_5_Release|x86.Build.0 = Debug|Any CPU
		{4CB170EF-DFE6-4A56-9E1B-A85449E827A7}.Release|Any CPU.ActiveCfg = Release|Any CPU
		{4CB170EF-DFE6-4A56-9E1B-A85449E827A7}.Release|Any CPU.Build.0 = Release|Any CPU
		{4CB170EF-DFE6-4A56-9E1B-A85449E827A7}.Release|x86.ActiveCfg = Release|Any CPU
		{4CB170EF-DFE6-4A56-9E1B-A85449E827A7}.Release|x86.Build.0 = Release|Any CPU
		{4CB170EF-DFE6-4A56-9E1B-A85449E827A7}.silverlight_Debug|Any CPU.ActiveCfg = Debug|Any CPU
		{4CB170EF-DFE6-4A56-9E1B-A85449E827A7}.silverlight_Debug|Any CPU.Build.0 = Debug|Any CPU
		{4CB170EF-DFE6-4A56-9E1B-A85449E827A7}.silverlight_Release|Any CPU.ActiveCfg = Debug|Any CPU
		{4CB170EF-DFE6-4A56-9E1B-A85449E827A7}.silverlight_Release|Any CPU.Build.0 = Debug|Any CPU
		{4CB170EF-DFE6-4A56-9E1B-A85449E827A7}.winphone_Debug|Any CPU.ActiveCfg = Debug|Any CPU
		{4CB170EF-DFE6-4A56-9E1B-A85449E827A7}.winphone_Debug|Any CPU.Build.0 = Debug|Any CPU
		{4CB170EF-DFE6-4A56-9E1B-A85449E827A7}.winphone_Release|Any CPU.ActiveCfg = Debug|Any CPU
		{4CB170EF-DFE6-4A56-9E1B-A85449E827A7}.winphone_Release|Any CPU.Build.0 = Debug|Any CPU
		{53DCA265-3C3C-42F9-B647-F72BA678122B}.Debug|Any CPU.ActiveCfg = Debug|Any CPU
		{53DCA265-3C3C-42F9-B647-F72BA678122B}.Debug|Any CPU.Build.0 = Debug|Any CPU
		{53DCA265-3C3C-42F9-B647-F72BA678122B}.Debug|x86.ActiveCfg = Debug|Any CPU
		{53DCA265-3C3C-42F9-B647-F72BA678122B}.Debug|x86.Build.0 = Debug|Any CPU
		{53DCA265-3C3C-42F9-B647-F72BA678122B}.net_2_0_Debug|Any CPU.ActiveCfg = Debug|Any CPU
		{53DCA265-3C3C-42F9-B647-F72BA678122B}.net_2_0_Debug|Any CPU.Build.0 = Debug|Any CPU
		{53DCA265-3C3C-42F9-B647-F72BA678122B}.net_2_0_Release|Any CPU.ActiveCfg = Debug|Any CPU
		{53DCA265-3C3C-42F9-B647-F72BA678122B}.net_2_0_Release|Any CPU.Build.0 = Debug|Any CPU
		{53DCA265-3C3C-42F9-B647-F72BA678122B}.net_3_5_Debug|Any CPU.ActiveCfg = Debug|Any CPU
		{53DCA265-3C3C-42F9-B647-F72BA678122B}.net_3_5_Debug|Any CPU.Build.0 = Debug|Any CPU
		{53DCA265-3C3C-42F9-B647-F72BA678122B}.net_3_5_Release|Any CPU.ActiveCfg = Debug|Any CPU
		{53DCA265-3C3C-42F9-B647-F72BA678122B}.net_3_5_Release|Any CPU.Build.0 = Debug|Any CPU
		{53DCA265-3C3C-42F9-B647-F72BA678122B}.net_4_0_Debug|Any CPU.ActiveCfg = Debug|Any CPU
		{53DCA265-3C3C-42F9-B647-F72BA678122B}.net_4_0_Debug|Any CPU.Build.0 = Debug|Any CPU
		{53DCA265-3C3C-42F9-B647-F72BA678122B}.net_4_0_Release|Any CPU.ActiveCfg = Debug|Any CPU
		{53DCA265-3C3C-42F9-B647-F72BA678122B}.net_4_0_Release|Any CPU.Build.0 = Debug|Any CPU
		{53DCA265-3C3C-42F9-B647-F72BA678122B}.net_4_5_Debug|Any CPU.ActiveCfg = net_4_5_Debug|Any CPU
		{53DCA265-3C3C-42F9-B647-F72BA678122B}.net_4_5_Debug|Any CPU.Build.0 = net_4_5_Debug|Any CPU
		{53DCA265-3C3C-42F9-B647-F72BA678122B}.net_4_5_Debug|x86.ActiveCfg = net_4_5_Debug|Any CPU
		{53DCA265-3C3C-42F9-B647-F72BA678122B}.net_4_5_Debug|x86.Build.0 = net_4_5_Debug|Any CPU
		{53DCA265-3C3C-42F9-B647-F72BA678122B}.net_4_5_Release|Any CPU.ActiveCfg = net_4_5_Release|Any CPU
		{53DCA265-3C3C-42F9-B647-F72BA678122B}.net_4_5_Release|Any CPU.Build.0 = net_4_5_Release|Any CPU
		{53DCA265-3C3C-42F9-B647-F72BA678122B}.net_4_5_Release|x86.ActiveCfg = net_4_5_Release|Any CPU
		{53DCA265-3C3C-42F9-B647-F72BA678122B}.net_4_5_Release|x86.Build.0 = net_4_5_Release|Any CPU
		{53DCA265-3C3C-42F9-B647-F72BA678122B}.Release|Any CPU.ActiveCfg = Release|Any CPU
		{53DCA265-3C3C-42F9-B647-F72BA678122B}.Release|Any CPU.Build.0 = Release|Any CPU
		{53DCA265-3C3C-42F9-B647-F72BA678122B}.Release|x86.ActiveCfg = Release|Any CPU
		{53DCA265-3C3C-42F9-B647-F72BA678122B}.Release|x86.Build.0 = Release|Any CPU
		{53DCA265-3C3C-42F9-B647-F72BA678122B}.silverlight_Debug|Any CPU.ActiveCfg = Debug|Any CPU
		{53DCA265-3C3C-42F9-B647-F72BA678122B}.silverlight_Debug|Any CPU.Build.0 = Debug|Any CPU
		{53DCA265-3C3C-42F9-B647-F72BA678122B}.silverlight_Release|Any CPU.ActiveCfg = Debug|Any CPU
		{53DCA265-3C3C-42F9-B647-F72BA678122B}.silverlight_Release|Any CPU.Build.0 = Debug|Any CPU
		{53DCA265-3C3C-42F9-B647-F72BA678122B}.winphone_Debug|Any CPU.ActiveCfg = Debug|Any CPU
		{53DCA265-3C3C-42F9-B647-F72BA678122B}.winphone_Debug|Any CPU.Build.0 = Debug|Any CPU
		{53DCA265-3C3C-42F9-B647-F72BA678122B}.winphone_Release|Any CPU.ActiveCfg = Debug|Any CPU
		{53DCA265-3C3C-42F9-B647-F72BA678122B}.winphone_Release|Any CPU.Build.0 = Debug|Any CPU
		{984CC812-9470-4A13-AFF9-CC44068D666C}.Debug|Any CPU.ActiveCfg = Debug|Any CPU
		{984CC812-9470-4A13-AFF9-CC44068D666C}.Debug|Any CPU.Build.0 = Debug|Any CPU
		{984CC812-9470-4A13-AFF9-CC44068D666C}.Debug|x86.ActiveCfg = Debug|Any CPU
		{984CC812-9470-4A13-AFF9-CC44068D666C}.Debug|x86.Build.0 = Debug|Any CPU
		{984CC812-9470-4A13-AFF9-CC44068D666C}.net_2_0_Debug|Any CPU.ActiveCfg = Debug|Any CPU
		{984CC812-9470-4A13-AFF9-CC44068D666C}.net_2_0_Debug|Any CPU.Build.0 = Debug|Any CPU
		{984CC812-9470-4A13-AFF9-CC44068D666C}.net_2_0_Release|Any CPU.ActiveCfg = Debug|Any CPU
		{984CC812-9470-4A13-AFF9-CC44068D666C}.net_2_0_Release|Any CPU.Build.0 = Debug|Any CPU
		{984CC812-9470-4A13-AFF9-CC44068D666C}.net_3_5_Debug|Any CPU.ActiveCfg = Debug|Any CPU
		{984CC812-9470-4A13-AFF9-CC44068D666C}.net_3_5_Debug|Any CPU.Build.0 = Debug|Any CPU
		{984CC812-9470-4A13-AFF9-CC44068D666C}.net_3_5_Release|Any CPU.ActiveCfg = Debug|Any CPU
		{984CC812-9470-4A13-AFF9-CC44068D666C}.net_3_5_Release|Any CPU.Build.0 = Debug|Any CPU
		{984CC812-9470-4A13-AFF9-CC44068D666C}.net_4_0_Debug|Any CPU.ActiveCfg = Debug|Any CPU
		{984CC812-9470-4A13-AFF9-CC44068D666C}.net_4_0_Debug|Any CPU.Build.0 = Debug|Any CPU
		{984CC812-9470-4A13-AFF9-CC44068D666C}.net_4_0_Release|Any CPU.ActiveCfg = Debug|Any CPU
		{984CC812-9470-4A13-AFF9-CC44068D666C}.net_4_0_Release|Any CPU.Build.0 = Debug|Any CPU
		{984CC812-9470-4A13-AFF9-CC44068D666C}.net_4_5_Debug|Any CPU.ActiveCfg = Debug|Any CPU
		{984CC812-9470-4A13-AFF9-CC44068D666C}.net_4_5_Debug|Any CPU.Build.0 = Debug|Any CPU
		{984CC812-9470-4A13-AFF9-CC44068D666C}.net_4_5_Debug|x86.ActiveCfg = Debug|Any CPU
		{984CC812-9470-4A13-AFF9-CC44068D666C}.net_4_5_Debug|x86.Build.0 = Debug|Any CPU
		{984CC812-9470-4A13-AFF9-CC44068D666C}.net_4_5_Release|Any CPU.ActiveCfg = Debug|Any CPU
		{984CC812-9470-4A13-AFF9-CC44068D666C}.net_4_5_Release|Any CPU.Build.0 = Debug|Any CPU
		{984CC812-9470-4A13-AFF9-CC44068D666C}.net_4_5_Release|x86.ActiveCfg = Debug|Any CPU
		{984CC812-9470-4A13-AFF9-CC44068D666C}.net_4_5_Release|x86.Build.0 = Debug|Any CPU
		{984CC812-9470-4A13-AFF9-CC44068D666C}.Release|Any CPU.ActiveCfg = Release|Any CPU
		{984CC812-9470-4A13-AFF9-CC44068D666C}.Release|Any CPU.Build.0 = Release|Any CPU
		{984CC812-9470-4A13-AFF9-CC44068D666C}.Release|x86.ActiveCfg = Release|Any CPU
		{984CC812-9470-4A13-AFF9-CC44068D666C}.Release|x86.Build.0 = Release|Any CPU
		{984CC812-9470-4A13-AFF9-CC44068D666C}.silverlight_Debug|Any CPU.ActiveCfg = Debug|Any CPU
		{984CC812-9470-4A13-AFF9-CC44068D666C}.silverlight_Debug|Any CPU.Build.0 = Debug|Any CPU
		{984CC812-9470-4A13-AFF9-CC44068D666C}.silverlight_Release|Any CPU.ActiveCfg = Debug|Any CPU
		{984CC812-9470-4A13-AFF9-CC44068D666C}.silverlight_Release|Any CPU.Build.0 = Debug|Any CPU
		{984CC812-9470-4A13-AFF9-CC44068D666C}.winphone_Debug|Any CPU.ActiveCfg = Debug|Any CPU
		{984CC812-9470-4A13-AFF9-CC44068D666C}.winphone_Debug|Any CPU.Build.0 = Debug|Any CPU
		{984CC812-9470-4A13-AFF9-CC44068D666C}.winphone_Release|Any CPU.ActiveCfg = Debug|Any CPU
		{984CC812-9470-4A13-AFF9-CC44068D666C}.winphone_Release|Any CPU.Build.0 = Debug|Any CPU
		{99FD191B-5567-46EC-B89A-3EA83E775087}.Debug|Any CPU.ActiveCfg = Debug|Any CPU
		{99FD191B-5567-46EC-B89A-3EA83E775087}.Debug|x86.ActiveCfg = Debug|Any CPU
		{99FD191B-5567-46EC-B89A-3EA83E775087}.Debug|x86.Build.0 = Debug|Any CPU
		{99FD191B-5567-46EC-B89A-3EA83E775087}.net_2_0_Debug|Any CPU.ActiveCfg = Debug|Any CPU
		{99FD191B-5567-46EC-B89A-3EA83E775087}.net_2_0_Debug|Any CPU.Build.0 = Debug|Any CPU
		{99FD191B-5567-46EC-B89A-3EA83E775087}.net_2_0_Release|Any CPU.ActiveCfg = Debug|Any CPU
		{99FD191B-5567-46EC-B89A-3EA83E775087}.net_2_0_Release|Any CPU.Build.0 = Debug|Any CPU
		{99FD191B-5567-46EC-B89A-3EA83E775087}.net_3_5_Debug|Any CPU.ActiveCfg = Debug|Any CPU
		{99FD191B-5567-46EC-B89A-3EA83E775087}.net_3_5_Debug|Any CPU.Build.0 = Debug|Any CPU
		{99FD191B-5567-46EC-B89A-3EA83E775087}.net_3_5_Release|Any CPU.ActiveCfg = Debug|Any CPU
		{99FD191B-5567-46EC-B89A-3EA83E775087}.net_3_5_Release|Any CPU.Build.0 = Debug|Any CPU
		{99FD191B-5567-46EC-B89A-3EA83E775087}.net_4_0_Debug|Any CPU.ActiveCfg = Debug|Any CPU
		{99FD191B-5567-46EC-B89A-3EA83E775087}.net_4_0_Debug|Any CPU.Build.0 = Debug|Any CPU
		{99FD191B-5567-46EC-B89A-3EA83E775087}.net_4_0_Release|Any CPU.ActiveCfg = Debug|Any CPU
		{99FD191B-5567-46EC-B89A-3EA83E775087}.net_4_0_Release|Any CPU.Build.0 = Debug|Any CPU
		{99FD191B-5567-46EC-B89A-3EA83E775087}.net_4_5_Debug|Any CPU.ActiveCfg = Debug|Any CPU
		{99FD191B-5567-46EC-B89A-3EA83E775087}.net_4_5_Debug|x86.ActiveCfg = Debug|Any CPU
		{99FD191B-5567-46EC-B89A-3EA83E775087}.net_4_5_Debug|x86.Build.0 = Debug|Any CPU
		{99FD191B-5567-46EC-B89A-3EA83E775087}.net_4_5_Release|Any CPU.ActiveCfg = Debug|Any CPU
		{99FD191B-5567-46EC-B89A-3EA83E775087}.net_4_5_Release|x86.ActiveCfg = Debug|Any CPU
		{99FD191B-5567-46EC-B89A-3EA83E775087}.net_4_5_Release|x86.Build.0 = Debug|Any CPU
		{99FD191B-5567-46EC-B89A-3EA83E775087}.Release|Any CPU.ActiveCfg = Release|Any CPU
		{99FD191B-5567-46EC-B89A-3EA83E775087}.Release|Any CPU.Build.0 = Release|Any CPU
		{99FD191B-5567-46EC-B89A-3EA83E775087}.Release|x86.ActiveCfg = Release|Any CPU
		{99FD191B-5567-46EC-B89A-3EA83E775087}.Release|x86.Build.0 = Release|Any CPU
		{99FD191B-5567-46EC-B89A-3EA83E775087}.silverlight_Debug|Any CPU.ActiveCfg = Debug|Any CPU
		{99FD191B-5567-46EC-B89A-3EA83E775087}.silverlight_Debug|Any CPU.Build.0 = Debug|Any CPU
		{99FD191B-5567-46EC-B89A-3EA83E775087}.silverlight_Release|Any CPU.ActiveCfg = Debug|Any CPU
		{99FD191B-5567-46EC-B89A-3EA83E775087}.silverlight_Release|Any CPU.Build.0 = Debug|Any CPU
		{99FD191B-5567-46EC-B89A-3EA83E775087}.winphone_Debug|Any CPU.ActiveCfg = Debug|Any CPU
		{99FD191B-5567-46EC-B89A-3EA83E775087}.winphone_Debug|Any CPU.Build.0 = Debug|Any CPU
		{99FD191B-5567-46EC-B89A-3EA83E775087}.winphone_Release|Any CPU.ActiveCfg = Debug|Any CPU
		{99FD191B-5567-46EC-B89A-3EA83E775087}.winphone_Release|Any CPU.Build.0 = Debug|Any CPU
		{A727169F-D94F-443F-B305-B057D7F3B420}.Debug|Any CPU.ActiveCfg = Debug|Any CPU
		{A727169F-D94F-443F-B305-B057D7F3B420}.Debug|Any CPU.Build.0 = Debug|Any CPU
		{A727169F-D94F-443F-B305-B057D7F3B420}.Debug|x86.ActiveCfg = Debug|Any CPU
		{A727169F-D94F-443F-B305-B057D7F3B420}.Debug|x86.Build.0 = Debug|Any CPU
		{A727169F-D94F-443F-B305-B057D7F3B420}.net_2_0_Debug|Any CPU.ActiveCfg = Debug|Any CPU
		{A727169F-D94F-443F-B305-B057D7F3B420}.net_2_0_Debug|Any CPU.Build.0 = Debug|Any CPU
		{A727169F-D94F-443F-B305-B057D7F3B420}.net_2_0_Release|Any CPU.ActiveCfg = Debug|Any CPU
		{A727169F-D94F-443F-B305-B057D7F3B420}.net_2_0_Release|Any CPU.Build.0 = Debug|Any CPU
		{A727169F-D94F-443F-B305-B057D7F3B420}.net_3_5_Debug|Any CPU.ActiveCfg = Debug|Any CPU
		{A727169F-D94F-443F-B305-B057D7F3B420}.net_3_5_Debug|Any CPU.Build.0 = Debug|Any CPU
		{A727169F-D94F-443F-B305-B057D7F3B420}.net_3_5_Release|Any CPU.ActiveCfg = Debug|Any CPU
		{A727169F-D94F-443F-B305-B057D7F3B420}.net_3_5_Release|Any CPU.Build.0 = Debug|Any CPU
		{A727169F-D94F-443F-B305-B057D7F3B420}.net_4_0_Debug|Any CPU.ActiveCfg = Debug|Any CPU
		{A727169F-D94F-443F-B305-B057D7F3B420}.net_4_0_Debug|Any CPU.Build.0 = Debug|Any CPU
		{A727169F-D94F-443F-B305-B057D7F3B420}.net_4_0_Release|Any CPU.ActiveCfg = Debug|Any CPU
		{A727169F-D94F-443F-B305-B057D7F3B420}.net_4_0_Release|Any CPU.Build.0 = Debug|Any CPU
		{A727169F-D94F-443F-B305-B057D7F3B420}.net_4_5_Debug|Any CPU.ActiveCfg = Debug|Any CPU
		{A727169F-D94F-443F-B305-B057D7F3B420}.net_4_5_Debug|Any CPU.Build.0 = Debug|Any CPU
		{A727169F-D94F-443F-B305-B057D7F3B420}.net_4_5_Debug|x86.ActiveCfg = Debug|Any CPU
		{A727169F-D94F-443F-B305-B057D7F3B420}.net_4_5_Debug|x86.Build.0 = Debug|Any CPU
		{A727169F-D94F-443F-B305-B057D7F3B420}.net_4_5_Release|Any CPU.ActiveCfg = Debug|Any CPU
		{A727169F-D94F-443F-B305-B057D7F3B420}.net_4_5_Release|Any CPU.Build.0 = Debug|Any CPU
		{A727169F-D94F-443F-B305-B057D7F3B420}.net_4_5_Release|x86.ActiveCfg = Debug|Any CPU
		{A727169F-D94F-443F-B305-B057D7F3B420}.net_4_5_Release|x86.Build.0 = Debug|Any CPU
		{A727169F-D94F-443F-B305-B057D7F3B420}.Release|Any CPU.ActiveCfg = Release|Any CPU
		{A727169F-D94F-443F-B305-B057D7F3B420}.Release|Any CPU.Build.0 = Release|Any CPU
		{A727169F-D94F-443F-B305-B057D7F3B420}.Release|x86.ActiveCfg = Release|Any CPU
		{A727169F-D94F-443F-B305-B057D7F3B420}.Release|x86.Build.0 = Release|Any CPU
		{A727169F-D94F-443F-B305-B057D7F3B420}.silverlight_Debug|Any CPU.ActiveCfg = Debug|Any CPU
		{A727169F-D94F-443F-B305-B057D7F3B420}.silverlight_Debug|Any CPU.Build.0 = Debug|Any CPU
		{A727169F-D94F-443F-B305-B057D7F3B420}.silverlight_Release|Any CPU.ActiveCfg = Debug|Any CPU
		{A727169F-D94F-443F-B305-B057D7F3B420}.silverlight_Release|Any CPU.Build.0 = Debug|Any CPU
		{A727169F-D94F-443F-B305-B057D7F3B420}.winphone_Debug|Any CPU.ActiveCfg = Debug|Any CPU
		{A727169F-D94F-443F-B305-B057D7F3B420}.winphone_Debug|Any CPU.Build.0 = Debug|Any CPU
		{A727169F-D94F-443F-B305-B057D7F3B420}.winphone_Release|Any CPU.ActiveCfg = Debug|Any CPU
		{A727169F-D94F-443F-B305-B057D7F3B420}.winphone_Release|Any CPU.Build.0 = Debug|Any CPU
		{DC393B66-92ED-4CAD-AB25-CFEF23F3D7C6}.Debug|Any CPU.ActiveCfg = Debug|Any CPU
		{DC393B66-92ED-4CAD-AB25-CFEF23F3D7C6}.Debug|Any CPU.Build.0 = Debug|Any CPU
		{DC393B66-92ED-4CAD-AB25-CFEF23F3D7C6}.Debug|x86.ActiveCfg = Debug|Any CPU
		{DC393B66-92ED-4CAD-AB25-CFEF23F3D7C6}.Debug|x86.Build.0 = Debug|Any CPU
		{DC393B66-92ED-4CAD-AB25-CFEF23F3D7C6}.net_2_0_Debug|Any CPU.ActiveCfg = Debug|Any CPU
		{DC393B66-92ED-4CAD-AB25-CFEF23F3D7C6}.net_2_0_Debug|Any CPU.Build.0 = Debug|Any CPU
		{DC393B66-92ED-4CAD-AB25-CFEF23F3D7C6}.net_2_0_Release|Any CPU.ActiveCfg = Debug|Any CPU
		{DC393B66-92ED-4CAD-AB25-CFEF23F3D7C6}.net_2_0_Release|Any CPU.Build.0 = Debug|Any CPU
		{DC393B66-92ED-4CAD-AB25-CFEF23F3D7C6}.net_3_5_Debug|Any CPU.ActiveCfg = Debug|Any CPU
		{DC393B66-92ED-4CAD-AB25-CFEF23F3D7C6}.net_3_5_Debug|Any CPU.Build.0 = Debug|Any CPU
		{DC393B66-92ED-4CAD-AB25-CFEF23F3D7C6}.net_3_5_Release|Any CPU.ActiveCfg = Debug|Any CPU
		{DC393B66-92ED-4CAD-AB25-CFEF23F3D7C6}.net_3_5_Release|Any CPU.Build.0 = Debug|Any CPU
		{DC393B66-92ED-4CAD-AB25-CFEF23F3D7C6}.net_4_0_Debug|Any CPU.ActiveCfg = Debug|Any CPU
		{DC393B66-92ED-4CAD-AB25-CFEF23F3D7C6}.net_4_0_Debug|Any CPU.Build.0 = Debug|Any CPU
		{DC393B66-92ED-4CAD-AB25-CFEF23F3D7C6}.net_4_0_Release|Any CPU.ActiveCfg = Debug|Any CPU
		{DC393B66-92ED-4CAD-AB25-CFEF23F3D7C6}.net_4_0_Release|Any CPU.Build.0 = Debug|Any CPU
		{DC393B66-92ED-4CAD-AB25-CFEF23F3D7C6}.net_4_5_Debug|Any CPU.ActiveCfg = net_4_5_Debug|Any CPU
		{DC393B66-92ED-4CAD-AB25-CFEF23F3D7C6}.net_4_5_Debug|Any CPU.Build.0 = net_4_5_Debug|Any CPU
		{DC393B66-92ED-4CAD-AB25-CFEF23F3D7C6}.net_4_5_Debug|x86.ActiveCfg = net_4_5_Debug|Any CPU
		{DC393B66-92ED-4CAD-AB25-CFEF23F3D7C6}.net_4_5_Debug|x86.Build.0 = net_4_5_Debug|Any CPU
		{DC393B66-92ED-4CAD-AB25-CFEF23F3D7C6}.net_4_5_Release|Any CPU.ActiveCfg = net_4_5_Release|Any CPU
		{DC393B66-92ED-4CAD-AB25-CFEF23F3D7C6}.net_4_5_Release|Any CPU.Build.0 = net_4_5_Release|Any CPU
		{DC393B66-92ED-4CAD-AB25-CFEF23F3D7C6}.net_4_5_Release|x86.ActiveCfg = net_4_5_Release|Any CPU
		{DC393B66-92ED-4CAD-AB25-CFEF23F3D7C6}.net_4_5_Release|x86.Build.0 = net_4_5_Release|Any CPU
		{DC393B66-92ED-4CAD-AB25-CFEF23F3D7C6}.Release|Any CPU.ActiveCfg = Release|Any CPU
		{DC393B66-92ED-4CAD-AB25-CFEF23F3D7C6}.Release|Any CPU.Build.0 = Release|Any CPU
		{DC393B66-92ED-4CAD-AB25-CFEF23F3D7C6}.Release|x86.ActiveCfg = Release|Any CPU
		{DC393B66-92ED-4CAD-AB25-CFEF23F3D7C6}.Release|x86.Build.0 = Release|Any CPU
		{DC393B66-92ED-4CAD-AB25-CFEF23F3D7C6}.silverlight_Debug|Any CPU.ActiveCfg = Debug|Any CPU
		{DC393B66-92ED-4CAD-AB25-CFEF23F3D7C6}.silverlight_Debug|Any CPU.Build.0 = Debug|Any CPU
		{DC393B66-92ED-4CAD-AB25-CFEF23F3D7C6}.silverlight_Release|Any CPU.ActiveCfg = Debug|Any CPU
		{DC393B66-92ED-4CAD-AB25-CFEF23F3D7C6}.silverlight_Release|Any CPU.Build.0 = Debug|Any CPU
		{DC393B66-92ED-4CAD-AB25-CFEF23F3D7C6}.winphone_Debug|Any CPU.ActiveCfg = Debug|Any CPU
		{DC393B66-92ED-4CAD-AB25-CFEF23F3D7C6}.winphone_Debug|Any CPU.Build.0 = Debug|Any CPU
		{DC393B66-92ED-4CAD-AB25-CFEF23F3D7C6}.winphone_Release|Any CPU.ActiveCfg = Debug|Any CPU
		{DC393B66-92ED-4CAD-AB25-CFEF23F3D7C6}.winphone_Release|Any CPU.Build.0 = Debug|Any CPU
	EndGlobalSection
	GlobalSection(NestedProjects) = preSolution
		{984CC812-9470-4A13-AFF9-CC44068D666C} = {EE47B354-43ED-4293-9E54-B831ADB649A6}
		{A727169F-D94F-443F-B305-B057D7F3B420} = {EE47B354-43ED-4293-9E54-B831ADB649A6}
		{2A705FC6-1A9E-4941-9E47-254D79F2D9D5} = {EE47B354-43ED-4293-9E54-B831ADB649A6}
		{DC393B66-92ED-4CAD-AB25-CFEF23F3D7C6} = {EE47B354-43ED-4293-9E54-B831ADB649A6}
		{4CB170EF-DFE6-4A56-9E1B-A85449E827A7} = {EE47B354-43ED-4293-9E54-B831ADB649A6}
	EndGlobalSection
EndGlobal
